// !$*UTF8*$!
{
	archiveVersion = 1;
	classes = {
	};
	objectVersion = 46;
	objects = {

/* Begin PBXBuildFile section */
		524313B9196DC30700BB44CC /* main.cpp in Sources */ = {isa = PBXBuildFile; fileRef = 524313B8196DC30700BB44CC /* main.cpp */; };
		524313BB196DC30700BB44CC /* MICEMAZE.1 in CopyFiles */ = {isa = PBXBuildFile; fileRef = 524313BA196DC30700BB44CC /* MICEMAZE.1 */; };
/* End PBXBuildFile section */

/* Begin PBXCopyFilesBuildPhase section */
		524313B3196DC30700BB44CC /* CopyFiles */ = {
			isa = PBXCopyFilesBuildPhase;
			buildActionMask = 2147483647;
			dstPath = /usr/share/man/man1/;
			dstSubfolderSpec = 0;
			files = (
				524313BB196DC30700BB44CC /* MICEMAZE.1 in CopyFiles */,
			);
			runOnlyForDeploymentPostprocessing = 1;
		};
/* End PBXCopyFilesBuildPhase section */

/* Begin PBXFileReference section */
		524313B5196DC30700BB44CC /* MICEMAZE */ = {isa = PBXFileReference; explicitFileType = "compiled.mach-o.executable"; includeInIndex = 0; path = MICEMAZE; sourceTree = BUILT_PRODUCTS_DIR; };
		524313B8196DC30700BB44CC /* main.cpp */ = {isa = PBXFileReference; lastKnownFileType = sourcecode.cpp.cpp; path = main.cpp; sourceTree = "<group>"; };
		524313BA196DC30700BB44CC /* MICEMAZE.1 */ = {isa = PBXFileReference; lastKnownFileType = text.man; path = MICEMAZE.1; sourceTree = "<group>"; };
/* End PBXFileReference section */

/* Begin PBXFrameworksBuildPhase section */
		524313B2196DC30700BB44CC /* Frameworks */ = {
			isa = PBXFrameworksBuildPhase;
			buildActionMask = 2147483647;
			files = (
			);
			runOnlyForDeploymentPostprocessing = 0;
		};
/* End PBXFrameworksBuildPhase section */

/* Begin PBXGroup section */
		524313AC196DC30700BB44CC = {
			isa = PBXGroup;
			children = (
				524313B7196DC30700BB44CC /* MICEMAZE */,
				524313B6196DC30700BB44CC /* Products */,
			);
			sourceTree = "<group>";
		};
		524313B6196DC30700BB44CC /* Products */ = {
			isa = PBXGroup;
			children = (
				524313B5196DC30700BB44CC /* MICEMAZE */,
			);
			name = Products;
			sourceTree = "<group>";
		};
		524313B7196DC30700BB44CC /* MICEMAZE */ = {
			isa = PBXGroup;
			children = (
				524313B8196DC30700BB44CC /* main.cpp */,
				524313BA196DC30700BB44CC /* MICEMAZE.1 */,
			);
			path = MICEMAZE;
			sourceTree = "<group>";
		};
/* End PBXGroup section */

/* Begin PBXNativeTarget section */
		524313B4196DC30700BB44CC /* MICEMAZE */ = {
			isa = PBXNativeTarget;
			buildConfigurationList = 524313BE196DC30700BB44CC /* Build configuration list for PBXNativeTarget "MICEMAZE" */;
			buildPhases = (
				524313B1196DC30700BB44CC /* Sources */,
				524313B2196DC30700BB44CC /* Frameworks */,
				524313B3196DC30700BB44CC /* CopyFiles */,
			);
			buildRules = (
			);
			dependencies = (
			);
			name = MICEMAZE;
			productName = MICEMAZE;
			productReference = 524313B5196DC30700BB44CC /* MICEMAZE */;
			productType = "com.apple.product-type.tool";
		};
/* End PBXNativeTarget section */

/* Begin PBXProject section */
		524313AD196DC30700BB44CC /* Project object */ = {
			isa = PBXProject;
			attributes = {
				LastUpgradeCheck = 0510;
				ORGANIZATIONNAME = SPOJ;
			};
			buildConfigurationList = 524313B0196DC30700BB44CC /* Build configuration list for PBXProject "MICEMAZE" */;
			compatibilityVersion = "Xcode 3.2";
			developmentRegion = English;
			hasScannedForEncodings = 0;
			knownRegions = (
				en,
			);
			mainGroup = 524313AC196DC30700BB44CC;
			productRefGroup = 524313B6196DC30700BB44CC /* Products */;
			projectDirPath = "";
			projectRoot = "";
			targets = (
				524313B4196DC30700BB44CC /* MICEMAZE */,
			);
		};
/* End PBXProject section */

/* Begin PBXSourcesBuildPhase section */
		524313B1196DC30700BB44CC /* Sources */ = {
			isa = PBXSourcesBuildPhase;
			buildActionMask = 2147483647;
			files = (
				524313B9196DC30700BB44CC /* main.cpp in Sources */,
			);
			runOnlyForDeploymentPostprocessing = 0;
		};
/* End PBXSourcesBuildPhase section */

/* Begin XCBuildConfiguration section */
		524313BC196DC30700BB44CC /* Debug */ = {
			isa = XCBuildConfiguration;
			buildSettings = {
				ALWAYS_SEARCH_USER_PATHS = NO;
				CLANG_CXX_LANGUAGE_STANDARD = "gnu++0x";
				CLANG_CXX_LIBRARY = "libc++";
				CLANG_ENABLE_MODULES = YES;
				CLANG_ENABLE_OBJC_ARC = YES;
				CLANG_WARN_BOOL_CONVERSION = YES;
				CLANG_WARN_CONSTANT_CONVERSION = YES;
				CLANG_WARN_DIRECT_OBJC_ISA_USAGE = YES_ERROR;
				CLANG_WARN_EMPTY_BODY = YES;
				CLANG_WARN_ENUM_CONVERSION = YES;
				CLANG_WARN_INT_CONVERSION = YES;
				CLANG_WARN_OBJC_ROOT_CLASS = YES_ERROR;
				CLANG_WARN__DUPLICATE_METHOD_MATCH = YES;
				COPY_PHASE_STRIP = NO;
				GCC_C_LANGUAGE_STANDARD = gnu99;
				GCC_DYNAMIC_NO_PIC = NO;
				GCC_ENABLE_OBJC_EXCEPTIONS = YES;
				GCC_OPTIMIZATION_LEVEL = 0;
				GCC_PREPROCESSOR_DEFINITIONS = (
					"DEBUG=1",
					"$(inherited)",
				);
				GCC_SYMBOLS_PRIVATE_EXTERN = NO;
				GCC_WARN_64_TO_32_BIT_CONVERSION = YES;
				GCC_WARN_ABOUT_RETURN_TYPE = YES_ERROR;
				GCC_WARN_UNDECLARED_SELECTOR = YES;
				GCC_WARN_UNINITIALIZED_AUTOS = YES_AGGRESSIVE;
				GCC_WARN_UNUSED_FUNCTION = YES;
				GCC_WARN_UNUSED_VARIABLE = YES;
				MACOSX_DEPLOYMENT_TARGET = 10.9;
				ONLY_ACTIVE_ARCH = YES;
				SDKROOT = macosx;
			};
			name = Debug;
		};
		524313BD196DC30700BB44CC /* Release */ = {
			isa = XCBuildConfiguration;
			buildSettings = {
				ALWAYS_SEARCH_USER_PATHS = NO;
				CLANG_CXX_LANGUAGE_STANDARD = "gnu++0x";
				CLANG_CXX_LIBRARY = "libc++";
				CLANG_ENABLE_MODULES = YES;
				CLANG_ENABLE_OBJC_ARC = YES;
				CLANG_WARN_BOOL_CONVERSION = YES;
				CLANG_WARN_CONSTANT_CONVERSION = YES;
				CLANG_WARN_DIRECT_OBJC_ISA_USAGE = YES_ERROR;
				CLANG_WARN_EMPTY_BODY = YES;
				CLANG_WARN_ENUM_CONVERSION = YES;
				CLANG_WARN_INT_CONVERSION = YES;
				CLANG_WARN_OBJC_ROOT_CLASS = YES_ERROR;
				CLANG_WARN__DUPLICATE_METHOD_MATCH = YES;
				COPY_PHASE_STRIP = YES;
				DEBUG_INFORMATION_FORMAT = "dwarf-with-dsym";
				ENABLE_NS_ASSERTIONS = NO;
				GCC_C_LANGUAGE_STANDARD = gnu99;
				GCC_ENABLE_OBJC_EXCEPTIONS = YES;
				GCC_WARN_64_TO_32_BIT_CONVERSION = YES;
				GCC_WARN_ABOUT_RETURN_TYPE = YES_ERROR;
				GCC_WARN_UNDECLARED_SELECTOR = YES;
				GCC_WARN_UNINITIALIZED_AUTOS = YES_AGGRESSIVE;
				GCC_WARN_UNUSED_FUNCTION = YES;
				GCC_WARN_UNUSED_VARIABLE = YES;
				MACOSX_DEPLOYMENT_TARGET = 10.9;
				SDKROOT = macosx;
			};
			name = Release;
		};
		524313BF196DC30700BB44CC /* Debug */ = {
			isa = XCBuildConfiguration;
			buildSettings = {
				PRODUCT_NAME = "$(TARGET_NAME)";
			};
			name = Debug;
		};
		524313C0196DC30700BB44CC /* Release */ = {
			isa = XCBuildConfiguration;
			buildSettings = {
				PRODUCT_NAME = "$(TARGET_NAME)";
			};
			name = Release;
		};
/* End XCBuildConfiguration section */

/* Begin XCConfigurationList section */
		524313B0196DC30700BB44CC /* Build configuration list for PBXProject "MICEMAZE" */ = {
			isa = XCConfigurationList;
			buildConfigurations = (
				524313BC196DC30700BB44CC /* Debug */,
				524313BD196DC30700BB44CC /* Release */,
			);
			defaultConfigurationIsVisible = 0;
			defaultConfigurationName = Release;
		};
		524313BE196DC30700BB44CC /* Build configuration list for PBXNativeTarget "MICEMAZE" */ = {
			isa = XCConfigurationList;
			buildConfigurations = (
				524313BF196DC30700BB44CC /* Debug */,
				524313C0196DC30700BB44CC /* Release */,
			);
			defaultConfigurationIsVisible = 0;
		};
/* End XCConfigurationList section */
	};
	rootObject = 524313AD196DC30700BB44CC /* Project object */;
}
